// !$*UTF8*$!
{
	archiveVersion = 1;
	classes = {
	};
	objectVersion = 46;
	objects = {

/* Begin PBXBuildFile section */
		127B54CF1926886F0094463E /* Loading.m in Sources */ = {isa = PBXBuildFile; fileRef = 127B54CE1926886F0094463E /* Loading.m */; };
		127B54D61928CA6D0094463E /* GDataXMLNode.m in Sources */ = {isa = PBXBuildFile; fileRef = 127B54D21928CA6D0094463E /* GDataXMLNode.m */; settings = {COMPILER_FLAGS = "-fno-objc-arc"; }; };
		127B54D71928CA6D0094463E /* SoapTool.m in Sources */ = {isa = PBXBuildFile; fileRef = 127B54D51928CA6D0094463E /* SoapTool.m */; };
		127B54DE1928CE5D0094463E /* Task.m in Sources */ = {isa = PBXBuildFile; fileRef = 127B54DD1928CE5D0094463E /* Task.m */; };
		127B54E1192918180094463E /* User.m in Sources */ = {isa = PBXBuildFile; fileRef = 127B54E0192918180094463E /* User.m */; };
		127B54E6192930EB0094463E /* Synchroniser.m in Sources */ = {isa = PBXBuildFile; fileRef = 127B54E5192930EB0094463E /* Synchroniser.m */; };
		127B54EA1929E51B0094463E /* TaskObject.m in Sources */ = {isa = PBXBuildFile; fileRef = 127B54E91929E51B0094463E /* TaskObject.m */; };
		127B54F1192A06F40094463E /* RefreshTableHeader.m in Sources */ = {isa = PBXBuildFile; fileRef = 127B54F0192A06F40094463E /* RefreshTableHeader.m */; };
		12D7AD2A1923B6AB00533F10 /* Foundation.framework in Frameworks */ = {isa = PBXBuildFile; fileRef = 12D7AD291923B6AB00533F10 /* Foundation.framework */; };
		12D7AD2C1923B6AB00533F10 /* CoreGraphics.framework in Frameworks */ = {isa = PBXBuildFile; fileRef = 12D7AD2B1923B6AB00533F10 /* CoreGraphics.framework */; };
		12D7AD2E1923B6AB00533F10 /* UIKit.framework in Frameworks */ = {isa = PBXBuildFile; fileRef = 12D7AD2D1923B6AB00533F10 /* UIKit.framework */; };
		12D7AD301923B6AB00533F10 /* CoreData.framework in Frameworks */ = {isa = PBXBuildFile; fileRef = 12D7AD2F1923B6AB00533F10 /* CoreData.framework */; };
		12D7AD361923B6AB00533F10 /* InfoPlist.strings in Resources */ = {isa = PBXBuildFile; fileRef = 12D7AD341923B6AB00533F10 /* InfoPlist.strings */; };
		12D7AD381923B6AB00533F10 /* main.m in Sources */ = {isa = PBXBuildFile; fileRef = 12D7AD371923B6AB00533F10 /* main.m */; };
		12D7AD3C1923B6AB00533F10 /* AppDelegate.m in Sources */ = {isa = PBXBuildFile; fileRef = 12D7AD3B1923B6AB00533F10 /* AppDelegate.m */; };
		12D7AD3F1923B6AB00533F10 /* _Do.xcdatamodeld in Sources */ = {isa = PBXBuildFile; fileRef = 12D7AD3D1923B6AB00533F10 /* _Do.xcdatamodeld */; };
		12D7AD411923B6AB00533F10 /* Images.xcassets in Resources */ = {isa = PBXBuildFile; fileRef = 12D7AD401923B6AB00533F10 /* Images.xcassets */; };
		12D7AD481923B6AB00533F10 /* XCTest.framework in Frameworks */ = {isa = PBXBuildFile; fileRef = 12D7AD471923B6AB00533F10 /* XCTest.framework */; };
		12D7AD491923B6AB00533F10 /* Foundation.framework in Frameworks */ = {isa = PBXBuildFile; fileRef = 12D7AD291923B6AB00533F10 /* Foundation.framework */; };
		12D7AD4A1923B6AB00533F10 /* UIKit.framework in Frameworks */ = {isa = PBXBuildFile; fileRef = 12D7AD2D1923B6AB00533F10 /* UIKit.framework */; };
		12D7AD4B1923B6AB00533F10 /* CoreData.framework in Frameworks */ = {isa = PBXBuildFile; fileRef = 12D7AD2F1923B6AB00533F10 /* CoreData.framework */; };
		12D7AD531923B6AB00533F10 /* InfoPlist.strings in Resources */ = {isa = PBXBuildFile; fileRef = 12D7AD511923B6AB00533F10 /* InfoPlist.strings */; };
		12D7AD551923B6AB00533F10 /* _DoTests.m in Sources */ = {isa = PBXBuildFile; fileRef = 12D7AD541923B6AB00533F10 /* _DoTests.m */; };
		12D7AD5F1923D99F00533F10 /* Storyboard.storyboard in Resources */ = {isa = PBXBuildFile; fileRef = 12D7AD5E1923D99F00533F10 /* Storyboard.storyboard */; };
		12D7AD611923DA1800533F10 /* Storyboard-iPad.storyboard in Resources */ = {isa = PBXBuildFile; fileRef = 12D7AD601923DA1800533F10 /* Storyboard-iPad.storyboard */; };
		12D7AD641923E12800533F10 /* ToDo.m in Sources */ = {isa = PBXBuildFile; fileRef = 12D7AD631923E12800533F10 /* ToDo.m */; };
		12D7AD671923E13B00533F10 /* Completed.m in Sources */ = {isa = PBXBuildFile; fileRef = 12D7AD661923E13B00533F10 /* Completed.m */; };
		12D7AD6D1924AF1700533F10 /* NewTask.m in Sources */ = {isa = PBXBuildFile; fileRef = 12D7AD6C1924AF1700533F10 /* NewTask.m */; };
		12D7AD711924C45B00533F10 /* TaskCell.m in Sources */ = {isa = PBXBuildFile; fileRef = 12D7AD701924C45B00533F10 /* TaskCell.m */; };
		12D7B0A41926414800533F10 /* Login.m in Sources */ = {isa = PBXBuildFile; fileRef = 12D7B0A31926414800533F10 /* Login.m */; };
		12D7B0A71926418700533F10 /* Register.m in Sources */ = {isa = PBXBuildFile; fileRef = 12D7B0A61926418700533F10 /* Register.m */; };
/* End PBXBuildFile section */

/* Begin PBXContainerItemProxy section */
		12D7AD4C1923B6AB00533F10 /* PBXContainerItemProxy */ = {
			isa = PBXContainerItemProxy;
			containerPortal = 12D7AD1E1923B6AB00533F10 /* Project object */;
			proxyType = 1;
			remoteGlobalIDString = 12D7AD251923B6AB00533F10;
			remoteInfo = 2Do;
		};
/* End PBXContainerItemProxy section */

/* Begin PBXFileReference section */
		127B54CD1926886F0094463E /* Loading.h */ = {isa = PBXFileReference; fileEncoding = 4; lastKnownFileType = sourcecode.c.h; name = Loading.h; path = 2Do/LoadingScreen/Loading.h; sourceTree = "<group>"; };
		127B54CE1926886F0094463E /* Loading.m */ = {isa = PBXFileReference; fileEncoding = 4; lastKnownFileType = sourcecode.c.objc; name = Loading.m; path = 2Do/LoadingScreen/Loading.m; sourceTree = "<group>"; };
		127B54D11928CA6D0094463E /* GDataXMLNode.h */ = {isa = PBXFileReference; fileEncoding = 4; lastKnownFileType = sourcecode.c.h; path = GDataXMLNode.h; sourceTree = "<group>"; };
		127B54D21928CA6D0094463E /* GDataXMLNode.m */ = {isa = PBXFileReference; fileEncoding = 4; lastKnownFileType = sourcecode.c.objc; path = GDataXMLNode.m; sourceTree = "<group>"; };
		127B54D41928CA6D0094463E /* SoapTool.h */ = {isa = PBXFileReference; fileEncoding = 4; lastKnownFileType = sourcecode.c.h; path = SoapTool.h; sourceTree = "<group>"; };
		127B54D51928CA6D0094463E /* SoapTool.m */ = {isa = PBXFileReference; fileEncoding = 4; lastKnownFileType = sourcecode.c.objc; path = SoapTool.m; sourceTree = "<group>"; };
		127B54D81928CAB60094463E /* Constants.h */ = {isa = PBXFileReference; fileEncoding = 4; lastKnownFileType = sourcecode.c.h; path = Constants.h; sourceTree = "<group>"; };
		127B54DC1928CE5D0094463E /* Task.h */ = {isa = PBXFileReference; fileEncoding = 4; lastKnownFileType = sourcecode.c.h; name = Task.h; path = Objects/Task.h; sourceTree = "<group>"; };
		127B54DD1928CE5D0094463E /* Task.m */ = {isa = PBXFileReference; fileEncoding = 4; lastKnownFileType = sourcecode.c.objc; name = Task.m; path = Objects/Task.m; sourceTree = "<group>"; };
		127B54DF192918180094463E /* User.h */ = {isa = PBXFileReference; fileEncoding = 4; lastKnownFileType = sourcecode.c.h; name = User.h; path = Objects/User.h; sourceTree = "<group>"; };
		127B54E0192918180094463E /* User.m */ = {isa = PBXFileReference; fileEncoding = 4; lastKnownFileType = sourcecode.c.objc; name = User.m; path = Objects/User.m; sourceTree = "<group>"; };
		127B54E4192930EB0094463E /* Synchroniser.h */ = {isa = PBXFileReference; fileEncoding = 4; lastKnownFileType = sourcecode.c.h; name = Synchroniser.h; path = 2Do/Synchroniser/Synchroniser.h; sourceTree = "<group>"; };
		127B54E5192930EB0094463E /* Synchroniser.m */ = {isa = PBXFileReference; fileEncoding = 4; lastKnownFileType = sourcecode.c.objc; name = Synchroniser.m; path = 2Do/Synchroniser/Synchroniser.m; sourceTree = "<group>"; };
		127B54E81929E51B0094463E /* TaskObject.h */ = {isa = PBXFileReference; fileEncoding = 4; lastKnownFileType = sourcecode.c.h; name = TaskObject.h; path = 2Do/Objects/TaskObject.h; sourceTree = SOURCE_ROOT; };
		127B54E91929E51B0094463E /* TaskObject.m */ = {isa = PBXFileReference; fileEncoding = 4; lastKnownFileType = sourcecode.c.objc; name = TaskObject.m; path = 2Do/Objects/TaskObject.m; sourceTree = SOURCE_ROOT; };
		127B54EF192A06F40094463E /* RefreshTableHeader.h */ = {isa = PBXFileReference; fileEncoding = 4; lastKnownFileType = sourcecode.c.h; name = RefreshTableHeader.h; path = 2Do/RefreshTableHeader/RefreshTableHeader.h; sourceTree = "<group>"; };
		127B54F0192A06F40094463E /* RefreshTableHeader.m */ = {isa = PBXFileReference; fileEncoding = 4; lastKnownFileType = sourcecode.c.objc; name = RefreshTableHeader.m; path = 2Do/RefreshTableHeader/RefreshTableHeader.m; sourceTree = "<group>"; };
		12D7AD261923B6AB00533F10 /* 2Do.app */ = {isa = PBXFileReference; explicitFileType = wrapper.application; includeInIndex = 0; path = 2Do.app; sourceTree = BUILT_PRODUCTS_DIR; };
		12D7AD291923B6AB00533F10 /* Foundation.framework */ = {isa = PBXFileReference; lastKnownFileType = wrapper.framework; name = Foundation.framework; path = System/Library/Frameworks/Foundation.framework; sourceTree = SDKROOT; };
		12D7AD2B1923B6AB00533F10 /* CoreGraphics.framework */ = {isa = PBXFileReference; lastKnownFileType = wrapper.framework; name = CoreGraphics.framework; path = System/Library/Frameworks/CoreGraphics.framework; sourceTree = SDKROOT; };
		12D7AD2D1923B6AB00533F10 /* UIKit.framework */ = {isa = PBXFileReference; lastKnownFileType = wrapper.framework; name = UIKit.framework; path = System/Library/Frameworks/UIKit.framework; sourceTree = SDKROOT; };
		12D7AD2F1923B6AB00533F10 /* CoreData.framework */ = {isa = PBXFileReference; lastKnownFileType = wrapper.framework; name = CoreData.framework; path = System/Library/Frameworks/CoreData.framework; sourceTree = SDKROOT; };
		12D7AD331923B6AB00533F10 /* 2Do-Info.plist */ = {isa = PBXFileReference; lastKnownFileType = text.plist.xml; path = "2Do-Info.plist"; sourceTree = "<group>"; };
		12D7AD351923B6AB00533F10 /* en */ = {isa = PBXFileReference; lastKnownFileType = text.plist.strings; name = en; path = en.lproj/InfoPlist.strings; sourceTree = "<group>"; };
		12D7AD371923B6AB00533F10 /* main.m */ = {isa = PBXFileReference; lastKnownFileType = sourcecode.c.objc; path = main.m; sourceTree = "<group>"; };
		12D7AD391923B6AB00533F10 /* 2Do-Prefix.pch */ = {isa = PBXFileReference; lastKnownFileType = sourcecode.c.h; path = "2Do-Prefix.pch"; sourceTree = "<group>"; };
		12D7AD3A1923B6AB00533F10 /* AppDelegate.h */ = {isa = PBXFileReference; lastKnownFileType = sourcecode.c.h; path = AppDelegate.h; sourceTree = "<group>"; };
		12D7AD3B1923B6AB00533F10 /* AppDelegate.m */ = {isa = PBXFileReference; lastKnownFileType = sourcecode.c.objc; path = AppDelegate.m; sourceTree = "<group>"; };
		12D7AD3E1923B6AB00533F10 /* _Do.xcdatamodel */ = {isa = PBXFileReference; lastKnownFileType = wrapper.xcdatamodel; path = _Do.xcdatamodel; sourceTree = "<group>"; };
		12D7AD401923B6AB00533F10 /* Images.xcassets */ = {isa = PBXFileReference; lastKnownFileType = folder.assetcatalog; path = Images.xcassets; sourceTree = "<group>"; };
		12D7AD461923B6AB00533F10 /* 2DoTests.xctest */ = {isa = PBXFileReference; explicitFileType = wrapper.cfbundle; includeInIndex = 0; path = 2DoTests.xctest; sourceTree = BUILT_PRODUCTS_DIR; };
		12D7AD471923B6AB00533F10 /* XCTest.framework */ = {isa = PBXFileReference; lastKnownFileType = wrapper.framework; name = XCTest.framework; path = Library/Frameworks/XCTest.framework; sourceTree = DEVELOPER_DIR; };
		12D7AD501923B6AB00533F10 /* 2DoTests-Info.plist */ = {isa = PBXFileReference; lastKnownFileType = text.plist.xml; path = "2DoTests-Info.plist"; sourceTree = "<group>"; };
		12D7AD521923B6AB00533F10 /* en */ = {isa = PBXFileReference; lastKnownFileType = text.plist.strings; name = en; path = en.lproj/InfoPlist.strings; sourceTree = "<group>"; };
		12D7AD541923B6AB00533F10 /* _DoTests.m */ = {isa = PBXFileReference; lastKnownFileType = sourcecode.c.objc; path = _DoTests.m; sourceTree = "<group>"; };
		12D7AD5E1923D99F00533F10 /* Storyboard.storyboard */ = {isa = PBXFileReference; fileEncoding = 4; lastKnownFileType = file.storyboard; path = Storyboard.storyboard; sourceTree = "<group>"; };
		12D7AD601923DA1800533F10 /* Storyboard-iPad.storyboard */ = {isa = PBXFileReference; fileEncoding = 4; lastKnownFileType = file.storyboard; path = "Storyboard-iPad.storyboard"; sourceTree = "<group>"; };
		12D7AD621923E12800533F10 /* ToDo.h */ = {isa = PBXFileReference; fileEncoding = 4; lastKnownFileType = sourcecode.c.h; path = ToDo.h; sourceTree = "<group>"; };
		12D7AD631923E12800533F10 /* ToDo.m */ = {isa = PBXFileReference; fileEncoding = 4; lastKnownFileType = sourcecode.c.objc; path = ToDo.m; sourceTree = "<group>"; };
		12D7AD651923E13B00533F10 /* Completed.h */ = {isa = PBXFileReference; fileEncoding = 4; lastKnownFileType = sourcecode.c.h; path = Completed.h; sourceTree = "<group>"; };
		12D7AD661923E13B00533F10 /* Completed.m */ = {isa = PBXFileReference; fileEncoding = 4; lastKnownFileType = sourcecode.c.objc; path = Completed.m; sourceTree = "<group>"; };
		12D7AD6B1924AF1700533F10 /* NewTask.h */ = {isa = PBXFileReference; fileEncoding = 4; lastKnownFileType = sourcecode.c.h; path = NewTask.h; sourceTree = "<group>"; };
		12D7AD6C1924AF1700533F10 /* NewTask.m */ = {isa = PBXFileReference; fileEncoding = 4; lastKnownFileType = sourcecode.c.objc; path = NewTask.m; sourceTree = "<group>"; };
		12D7AD6F1924C45B00533F10 /* TaskCell.h */ = {isa = PBXFileReference; fileEncoding = 4; lastKnownFileType = sourcecode.c.h; path = TaskCell.h; sourceTree = "<group>"; };
		12D7AD701924C45B00533F10 /* TaskCell.m */ = {isa = PBXFileReference; fileEncoding = 4; lastKnownFileType = sourcecode.c.objc; path = TaskCell.m; sourceTree = "<group>"; };
		12D7B0A21926414800533F10 /* Login.h */ = {isa = PBXFileReference; fileEncoding = 4; lastKnownFileType = sourcecode.c.h; path = Login.h; sourceTree = "<group>"; };
		12D7B0A31926414800533F10 /* Login.m */ = {isa = PBXFileReference; fileEncoding = 4; lastKnownFileType = sourcecode.c.objc; path = Login.m; sourceTree = "<group>"; };
		12D7B0A51926418700533F10 /* Register.h */ = {isa = PBXFileReference; fileEncoding = 4; lastKnownFileType = sourcecode.c.h; path = Register.h; sourceTree = "<group>"; };
		12D7B0A61926418700533F10 /* Register.m */ = {isa = PBXFileReference; fileEncoding = 4; lastKnownFileType = sourcecode.c.objc; path = Register.m; sourceTree = "<group>"; };
/* End PBXFileReference section */

/* Begin PBXFrameworksBuildPhase section */
		12D7AD231923B6AB00533F10 /* Frameworks */ = {
			isa = PBXFrameworksBuildPhase;
			buildActionMask = 2147483647;
			files = (
				12D7AD2C1923B6AB00533F10 /* CoreGraphics.framework in Frameworks */,
				12D7AD301923B6AB00533F10 /* CoreData.framework in Frameworks */,
				12D7AD2E1923B6AB00533F10 /* UIKit.framework in Frameworks */,
				12D7AD2A1923B6AB00533F10 /* Foundation.framework in Frameworks */,
			);
			runOnlyForDeploymentPostprocessing = 0;
		};
		12D7AD431923B6AB00533F10 /* Frameworks */ = {
			isa = PBXFrameworksBuildPhase;
			buildActionMask = 2147483647;
			files = (
				12D7AD481923B6AB00533F10 /* XCTest.framework in Frameworks */,
				12D7AD4B1923B6AB00533F10 /* CoreData.framework in Frameworks */,
				12D7AD4A1923B6AB00533F10 /* UIKit.framework in Frameworks */,
				12D7AD491923B6AB00533F10 /* Foundation.framework in Frameworks */,
			);
			runOnlyForDeploymentPostprocessing = 0;
		};
/* End PBXFrameworksBuildPhase section */

/* Begin PBXGroup section */
		127B54CC192688430094463E /* Loading Screen */ = {
			isa = PBXGroup;
			children = (
				127B54CD1926886F0094463E /* Loading.h */,
				127B54CE1926886F0094463E /* Loading.m */,
			);
			name = "Loading Screen";
			sourceTree = "<group>";
		};
		127B54D01928CA6D0094463E /* GDataXML */ = {
			isa = PBXGroup;
			children = (
				127B54D11928CA6D0094463E /* GDataXMLNode.h */,
				127B54D21928CA6D0094463E /* GDataXMLNode.m */,
			);
			name = GDataXML;
			path = 2Do/GDataXML;
			sourceTree = "<group>";
		};
		127B54D31928CA6D0094463E /* SoapTool */ = {
			isa = PBXGroup;
			children = (
				127B54E71929E5090094463E /* Objects */,
				127B54D41928CA6D0094463E /* SoapTool.h */,
				127B54D51928CA6D0094463E /* SoapTool.m */,
			);
			name = SoapTool;
			path = 2Do/SoapTool;
			sourceTree = "<group>";
		};
		127B54E3192930320094463E /* Synchroniser */ = {
			isa = PBXGroup;
			children = (
				127B54E4192930EB0094463E /* Synchroniser.h */,
				127B54E5192930EB0094463E /* Synchroniser.m */,
			);
			name = Synchroniser;
			sourceTree = "<group>";
		};
		127B54E71929E5090094463E /* Objects */ = {
			isa = PBXGroup;
			children = (
				127B54E81929E51B0094463E /* TaskObject.h */,
				127B54E91929E51B0094463E /* TaskObject.m */,
			);
			name = Objects;
			sourceTree = "<group>";
		};
		127B54EB192A02DB0094463E /* RefreshTableHeader */ = {
			isa = PBXGroup;
			children = (
				127B54EF192A06F40094463E /* RefreshTableHeader.h */,
				127B54F0192A06F40094463E /* RefreshTableHeader.m */,
			);
			name = RefreshTableHeader;
			sourceTree = "<group>";
		};
		12D7AD1D1923B6AB00533F10 = {
			isa = PBXGroup;
			children = (
				127B54EB192A02DB0094463E /* RefreshTableHeader */,
				127B54E3192930320094463E /* Synchroniser */,
				127B54D31928CA6D0094463E /* SoapTool */,
				127B54D01928CA6D0094463E /* GDataXML */,
				127B54CC192688430094463E /* Loading Screen */,
				12D7AD311923B6AB00533F10 /* 2Do */,
				12D7AD4E1923B6AB00533F10 /* 2DoTests */,
				12D7AD281923B6AB00533F10 /* Frameworks */,
				12D7AD271923B6AB00533F10 /* Products */,
			);
			sourceTree = "<group>";
		};
		12D7AD271923B6AB00533F10 /* Products */ = {
			isa = PBXGroup;
			children = (
				12D7AD261923B6AB00533F10 /* 2Do.app */,
				12D7AD461923B6AB00533F10 /* 2DoTests.xctest */,
			);
			name = Products;
			sourceTree = "<group>";
		};
		12D7AD281923B6AB00533F10 /* Frameworks */ = {
			isa = PBXGroup;
			children = (
				12D7AD291923B6AB00533F10 /* Foundation.framework */,
				12D7AD2B1923B6AB00533F10 /* CoreGraphics.framework */,
				12D7AD2D1923B6AB00533F10 /* UIKit.framework */,
				12D7AD2F1923B6AB00533F10 /* CoreData.framework */,
				12D7AD471923B6AB00533F10 /* XCTest.framework */,
			);
			name = Frameworks;
			sourceTree = "<group>";
		};
		12D7AD311923B6AB00533F10 /* 2Do */ = {
			isa = PBXGroup;
			children = (
				127B54D81928CAB60094463E /* Constants.h */,
				12D7AD5E1923D99F00533F10 /* Storyboard.storyboard */,
				12D7AD601923DA1800533F10 /* Storyboard-iPad.storyboard */,
				12D7AD3A1923B6AB00533F10 /* AppDelegate.h */,
				12D7AD3B1923B6AB00533F10 /* AppDelegate.m */,
				12D7B0A21926414800533F10 /* Login.h */,
				12D7B0A31926414800533F10 /* Login.m */,
				12D7B0A51926418700533F10 /* Register.h */,
				12D7B0A61926418700533F10 /* Register.m */,
				12D7AD621923E12800533F10 /* ToDo.h */,
				12D7AD631923E12800533F10 /* ToDo.m */,
				12D7AD651923E13B00533F10 /* Completed.h */,
				12D7AD661923E13B00533F10 /* Completed.m */,
				12D7AD6B1924AF1700533F10 /* NewTask.h */,
				12D7AD6C1924AF1700533F10 /* NewTask.m */,
				12D7AD6E1924C3E700533F10 /* Table Cells */,
				12D7AD721924EA0000533F10 /* Objects */,
				12D7AD401923B6AB00533F10 /* Images.xcassets */,
				12D7AD3D1923B6AB00533F10 /* _Do.xcdatamodeld */,
				12D7AD321923B6AB00533F10 /* Supporting Files */,
			);
			path = 2Do;
			sourceTree = "<group>";
		};
		12D7AD321923B6AB00533F10 /* Supporting Files */ = {
			isa = PBXGroup;
			children = (
				12D7AD331923B6AB00533F10 /* 2Do-Info.plist */,
				12D7AD341923B6AB00533F10 /* InfoPlist.strings */,
				12D7AD371923B6AB00533F10 /* main.m */,
				12D7AD391923B6AB00533F10 /* 2Do-Prefix.pch */,
			);
			name = "Supporting Files";
			sourceTree = "<group>";
		};
		12D7AD4E1923B6AB00533F10 /* 2DoTests */ = {
			isa = PBXGroup;
			children = (
				12D7AD541923B6AB00533F10 /* _DoTests.m */,
				12D7AD4F1923B6AB00533F10 /* Supporting Files */,
			);
			path = 2DoTests;
			sourceTree = "<group>";
		};
		12D7AD4F1923B6AB00533F10 /* Supporting Files */ = {
			isa = PBXGroup;
			children = (
				12D7AD501923B6AB00533F10 /* 2DoTests-Info.plist */,
				12D7AD511923B6AB00533F10 /* InfoPlist.strings */,
			);
			name = "Supporting Files";
			sourceTree = "<group>";
		};
		12D7AD6E1924C3E700533F10 /* Table Cells */ = {
			isa = PBXGroup;
			children = (
				12D7AD6F1924C45B00533F10 /* TaskCell.h */,
				12D7AD701924C45B00533F10 /* TaskCell.m */,
			);
			name = "Table Cells";
			sourceTree = "<group>";
		};
		12D7AD721924EA0000533F10 /* Objects */ = {
			isa = PBXGroup;
			children = (
				127B54DC1928CE5D0094463E /* Task.h */,
				127B54DD1928CE5D0094463E /* Task.m */,
				127B54DF192918180094463E /* User.h */,
				127B54E0192918180094463E /* User.m */,
			);
			name = Objects;
			sourceTree = "<group>";
		};
/* End PBXGroup section */

/* Begin PBXNativeTarget section */
		12D7AD251923B6AB00533F10 /* 2Do */ = {
			isa = PBXNativeTarget;
			buildConfigurationList = 12D7AD581923B6AB00533F10 /* Build configuration list for PBXNativeTarget "2Do" */;
			buildPhases = (
				12D7AD221923B6AB00533F10 /* Sources */,
				12D7AD231923B6AB00533F10 /* Frameworks */,
				12D7AD241923B6AB00533F10 /* Resources */,
			);
			buildRules = (
			);
			dependencies = (
			);
			name = 2Do;
			productName = 2Do;
			productReference = 12D7AD261923B6AB00533F10 /* 2Do.app */;
			productType = "com.apple.product-type.application";
		};
		12D7AD451923B6AB00533F10 /* 2DoTests */ = {
			isa = PBXNativeTarget;
			buildConfigurationList = 12D7AD5B1923B6AB00533F10 /* Build configuration list for PBXNativeTarget "2DoTests" */;
			buildPhases = (
				12D7AD421923B6AB00533F10 /* Sources */,
				12D7AD431923B6AB00533F10 /* Frameworks */,
				12D7AD441923B6AB00533F10 /* Resources */,
			);
			buildRules = (
			);
			dependencies = (
				12D7AD4D1923B6AB00533F10 /* PBXTargetDependency */,
			);
			name = 2DoTests;
			productName = 2DoTests;
			productReference = 12D7AD461923B6AB00533F10 /* 2DoTests.xctest */;
			productType = "com.apple.product-type.bundle.unit-test";
		};
/* End PBXNativeTarget section */

/* Begin PBXProject section */
		12D7AD1E1923B6AB00533F10 /* Project object */ = {
			isa = PBXProject;
			attributes = {
				LastUpgradeCheck = 0510;
				ORGANIZATIONNAME = "Robin Crorie";
				TargetAttributes = {
					12D7AD251923B6AB00533F10 = {
						DevelopmentTeam = AD6FJVUSPX;
					};
					12D7AD451923B6AB00533F10 = {
						TestTargetID = 12D7AD251923B6AB00533F10;
					};
				};
			};
			buildConfigurationList = 12D7AD211923B6AB00533F10 /* Build configuration list for PBXProject "2Do" */;
			compatibilityVersion = "Xcode 3.2";
			developmentRegion = English;
			hasScannedForEncodings = 0;
			knownRegions = (
				en,
			);
			mainGroup = 12D7AD1D1923B6AB00533F10;
			productRefGroup = 12D7AD271923B6AB00533F10 /* Products */;
			projectDirPath = "";
			projectRoot = "";
			targets = (
				12D7AD251923B6AB00533F10 /* 2Do */,
				12D7AD451923B6AB00533F10 /* 2DoTests */,
			);
		};
/* End PBXProject section */

/* Begin PBXResourcesBuildPhase section */
		12D7AD241923B6AB00533F10 /* Resources */ = {
			isa = PBXResourcesBuildPhase;
			buildActionMask = 2147483647;
			files = (
				12D7AD361923B6AB00533F10 /* InfoPlist.strings in Resources */,
				12D7AD611923DA1800533F10 /* Storyboard-iPad.storyboard in Resources */,
				12D7AD411923B6AB00533F10 /* Images.xcassets in Resources */,
				12D7AD5F1923D99F00533F10 /* Storyboard.storyboard in Resources */,
			);
			runOnlyForDeploymentPostprocessing = 0;
		};
		12D7AD441923B6AB00533F10 /* Resources */ = {
			isa = PBXResourcesBuildPhase;
			buildActionMask = 2147483647;
			files = (
				12D7AD531923B6AB00533F10 /* InfoPlist.strings in Resources */,
			);
			runOnlyForDeploymentPostprocessing = 0;
		};
/* End PBXResourcesBuildPhase section */

/* Begin PBXSourcesBuildPhase section */
		12D7AD221923B6AB00533F10 /* Sources */ = {
			isa = PBXSourcesBuildPhase;
			buildActionMask = 2147483647;
			files = (
				127B54DE1928CE5D0094463E /* Task.m in Sources */,
				127B54EA1929E51B0094463E /* TaskObject.m in Sources */,
				12D7AD3C1923B6AB00533F10 /* AppDelegate.m in Sources */,
				12D7AD711924C45B00533F10 /* TaskCell.m in Sources */,
				12D7AD3F1923B6AB00533F10 /* _Do.xcdatamodeld in Sources */,
				12D7B0A41926414800533F10 /* Login.m in Sources */,
				12D7AD671923E13B00533F10 /* Completed.m in Sources */,
				127B54F1192A06F40094463E /* RefreshTableHeader.m in Sources */,
				127B54D61928CA6D0094463E /* GDataXMLNode.m in Sources */,
				12D7AD381923B6AB00533F10 /* main.m in Sources */,
				127B54E1192918180094463E /* User.m in Sources */,
				12D7AD6D1924AF1700533F10 /* NewTask.m in Sources */,
				12D7B0A71926418700533F10 /* Register.m in Sources */,
				127B54CF1926886F0094463E /* Loading.m in Sources */,
				127B54E6192930EB0094463E /* Synchroniser.m in Sources */,
				12D7AD641923E12800533F10 /* ToDo.m in Sources */,
				127B54D71928CA6D0094463E /* SoapTool.m in Sources */,
			);
			runOnlyForDeploymentPostprocessing = 0;
		};
		12D7AD421923B6AB00533F10 /* Sources */ = {
			isa = PBXSourcesBuildPhase;
			buildActionMask = 2147483647;
			files = (
				12D7AD551923B6AB00533F10 /* _DoTests.m in Sources */,
			);
			runOnlyForDeploymentPostprocessing = 0;
		};
/* End PBXSourcesBuildPhase section */

/* Begin PBXTargetDependency section */
		12D7AD4D1923B6AB00533F10 /* PBXTargetDependency */ = {
			isa = PBXTargetDependency;
			target = 12D7AD251923B6AB00533F10 /* 2Do */;
			targetProxy = 12D7AD4C1923B6AB00533F10 /* PBXContainerItemProxy */;
		};
/* End PBXTargetDependency section */

/* Begin PBXVariantGroup section */
		12D7AD341923B6AB00533F10 /* InfoPlist.strings */ = {
			isa = PBXVariantGroup;
			children = (
				12D7AD351923B6AB00533F10 /* en */,
			);
			name = InfoPlist.strings;
			sourceTree = "<group>";
		};
		12D7AD511923B6AB00533F10 /* InfoPlist.strings */ = {
			isa = PBXVariantGroup;
			children = (
				12D7AD521923B6AB00533F10 /* en */,
			);
			name = InfoPlist.strings;
			sourceTree = "<group>";
		};
/* End PBXVariantGroup section */

/* Begin XCBuildConfiguration section */
		12D7AD561923B6AB00533F10 /* Debug */ = {
			isa = XCBuildConfiguration;
			buildSettings = {
				ALWAYS_SEARCH_USER_PATHS = NO;
				CLANG_CXX_LANGUAGE_STANDARD = "gnu++0x";
				CLANG_CXX_LIBRARY = "libc++";
				CLANG_ENABLE_MODULES = YES;
				CLANG_ENABLE_OBJC_ARC = YES;
				CLANG_WARN_BOOL_CONVERSION = YES;
				CLANG_WARN_CONSTANT_CONVERSION = YES;
				CLANG_WARN_DIRECT_OBJC_ISA_USAGE = YES_ERROR;
				CLANG_WARN_EMPTY_BODY = YES;
				CLANG_WARN_ENUM_CONVERSION = YES;
				CLANG_WARN_INT_CONVERSION = YES;
				CLANG_WARN_OBJC_ROOT_CLASS = YES_ERROR;
				CLANG_WARN__DUPLICATE_METHOD_MATCH = YES;
				"CODE_SIGN_IDENTITY[sdk=iphoneos*]" = "iPhone Developer";
				COPY_PHASE_STRIP = NO;
				GCC_C_LANGUAGE_STANDARD = gnu99;
				GCC_DYNAMIC_NO_PIC = NO;
				GCC_OPTIMIZATION_LEVEL = 0;
				GCC_PREPROCESSOR_DEFINITIONS = (
					"DEBUG=1",
					"$(inherited)",
				);
				GCC_SYMBOLS_PRIVATE_EXTERN = NO;
				GCC_WARN_64_TO_32_BIT_CONVERSION = YES;
				GCC_WARN_ABOUT_RETURN_TYPE = YES_ERROR;
				GCC_WARN_UNDECLARED_SELECTOR = YES;
				GCC_WARN_UNINITIALIZED_AUTOS = YES_AGGRESSIVE;
				GCC_WARN_UNUSED_FUNCTION = YES;
				GCC_WARN_UNUSED_VARIABLE = YES;
				IPHONEOS_DEPLOYMENT_TARGET = 7.1;
				ONLY_ACTIVE_ARCH = YES;
				SDKROOT = iphoneos;
				TARGETED_DEVICE_FAMILY = "1,2";
			};
			name = Debug;
		};
		12D7AD571923B6AB00533F10 /* Release */ = {
			isa = XCBuildConfiguration;
			buildSettings = {
				ALWAYS_SEARCH_USER_PATHS = NO;
				CLANG_CXX_LANGUAGE_STANDARD = "gnu++0x";
				CLANG_CXX_LIBRARY = "libc++";
				CLANG_ENABLE_MODULES = YES;
				CLANG_ENABLE_OBJC_ARC = YES;
				CLANG_WARN_BOOL_CONVERSION = YES;
				CLANG_WARN_CONSTANT_CONVERSION = YES;
				CLANG_WARN_DIRECT_OBJC_ISA_USAGE = YES_ERROR;
				CLANG_WARN_EMPTY_BODY = YES;
				CLANG_WARN_ENUM_CONVERSION = YES;
				CLANG_WARN_INT_CONVERSION = YES;
				CLANG_WARN_OBJC_ROOT_CLASS = YES_ERROR;
				CLANG_WARN__DUPLICATE_METHOD_MATCH = YES;
				"CODE_SIGN_IDENTITY[sdk=iphoneos*]" = "iPhone Developer";
				COPY_PHASE_STRIP = YES;
				ENABLE_NS_ASSERTIONS = NO;
				GCC_C_LANGUAGE_STANDARD = gnu99;
				GCC_WARN_64_TO_32_BIT_CONVERSION = YES;
				GCC_WARN_ABOUT_RETURN_TYPE = YES_ERROR;
				GCC_WARN_UNDECLARED_SELECTOR = YES;
				GCC_WARN_UNINITIALIZED_AUTOS = YES_AGGRESSIVE;
				GCC_WARN_UNUSED_FUNCTION = YES;
				GCC_WARN_UNUSED_VARIABLE = YES;
				IPHONEOS_DEPLOYMENT_TARGET = 7.1;
				SDKROOT = iphoneos;
				TARGETED_DEVICE_FAMILY = "1,2";
				VALIDATE_PRODUCT = YES;
			};
			name = Release;
		};
		12D7AD591923B6AB00533F10 /* Debug */ = {
			isa = XCBuildConfiguration;
			buildSettings = {
				ASSETCATALOG_COMPILER_APPICON_NAME = AppIcon;
				ASSETCATALOG_COMPILER_LAUNCHIMAGE_NAME = LaunchImage;
				CODE_SIGN_IDENTITY = "iPhone Developer";
				GCC_PRECOMPILE_PREFIX_HEADER = YES;
				GCC_PREFIX_HEADER = "2Do/2Do-Prefix.pch";
				HEADER_SEARCH_PATHS = (
					"$(inherited)",
					/Applications/Xcode.app/Contents/Developer/Toolchains/XcodeDefault.xctoolchain/usr/include,
					/usr/include/libxml2,
				);
				INFOPLIST_FILE = "2Do/2Do-Info.plist";
				OTHER_LDFLAGS = "-lxml2";
				PRODUCT_NAME = "$(TARGET_NAME)";
				TARGETED_DEVICE_FAMILY = 1;
				WRAPPER_EXTENSION = app;
			};
			name = Debug;
		};
		12D7AD5A1923B6AB00533F10 /* Release */ = {
			isa = XCBuildConfiguration;
			buildSettings = {
				ASSETCATALOG_COMPILER_APPICON_NAME = AppIcon;
				ASSETCATALOG_COMPILER_LAUNCHIMAGE_NAME = LaunchImage;
				CODE_SIGN_IDENTITY = "iPhone Developer";
				GCC_PRECOMPILE_PREFIX_HEADER = YES;
				GCC_PREFIX_HEADER = "2Do/2Do-Prefix.pch";
				HEADER_SEARCH_PATHS = (
					"$(inherited)",
					/Applications/Xcode.app/Contents/Developer/Toolchains/XcodeDefault.xctoolchain/usr/include,
					/usr/include/libxml2,
				);
				INFOPLIST_FILE = "2Do/2Do-Info.plist";
				OTHER_LDFLAGS = "-lxml2";
				PRODUCT_NAME = "$(TARGET_NAME)";
				TARGETED_DEVICE_FAMILY = 1;
				WRAPPER_EXTENSION = app;
			};
			name = Release;
		};
		12D7AD5C1923B6AB00533F10 /* Debug */ = {
			isa = XCBuildConfiguration;
			buildSettings = {
				BUNDLE_LOADER = "$(BUILT_PRODUCTS_DIR)/2Do.app/2Do";
				FRAMEWORK_SEARCH_PATHS = (
					"$(SDKROOT)/Developer/Library/Frameworks",
					"$(inherited)",
					"$(DEVELOPER_FRAMEWORKS_DIR)",
				);
				GCC_PRECOMPILE_PREFIX_HEADER = YES;
				GCC_PREFIX_HEADER = "2Do/2Do-Prefix.pch";
				GCC_PREPROCESSOR_DEFINITIONS = (
					"DEBUG=1",
					"$(inherited)",
				);
				INFOPLIST_FILE = "2DoTests/2DoTests-Info.plist";
				PRODUCT_NAME = "$(TARGET_NAME)";
				TEST_HOST = "$(BUNDLE_LOADER)";
				WRAPPER_EXTENSION = xctest;
			};
			name = Debug;
		};
		12D7AD5D1923B6AB00533F10 /* Release */ = {
			isa = XCBuildConfiguration;
			buildSettings = {
				BUNDLE_LOADER = "$(BUILT_PRODUCTS_DIR)/2Do.app/2Do";
				FRAMEWORK_SEARCH_PATHS = (
					"$(SDKROOT)/Developer/Library/Frameworks",
					"$(inherited)",
					"$(DEVELOPER_FRAMEWORKS_DIR)",
				);
				GCC_PRECOMPILE_PREFIX_HEADER = YES;
				GCC_PREFIX_HEADER = "2Do/2Do-Prefix.pch";
				INFOPLIST_FILE = "2DoTests/2DoTests-Info.plist";
				PRODUCT_NAME = "$(TARGET_NAME)";
				TEST_HOST = "$(BUNDLE_LOADER)";
				WRAPPER_EXTENSION = xctest;
			};
			name = Release;
		};
/* End XCBuildConfiguration section */

/* Begin XCConfigurationList section */
		12D7AD211923B6AB00533F10 /* Build configuration list for PBXProject "2Do" */ = {
			isa = XCConfigurationList;
			buildConfigurations = (
				12D7AD561923B6AB00533F10 /* Debug */,
				12D7AD571923B6AB00533F10 /* Release */,
			);
			defaultConfigurationIsVisible = 0;
			defaultConfigurationName = Release;
		};
		12D7AD581923B6AB00533F10 /* Build configuration list for PBXNativeTarget "2Do" */ = {
			isa = XCConfigurationList;
			buildConfigurations = (
				12D7AD591923B6AB00533F10 /* Debug */,
				12D7AD5A1923B6AB00533F10 /* Release */,
			);
			defaultConfigurationIsVisible = 0;
			defaultConfigurationName = Release;
		};
		12D7AD5B1923B6AB00533F10 /* Build configuration list for PBXNativeTarget "2DoTests" */ = {
			isa = XCConfigurationList;
			buildConfigurations = (
				12D7AD5C1923B6AB00533F10 /* Debug */,
				12D7AD5D1923B6AB00533F10 /* Release */,
			);
			defaultConfigurationIsVisible = 0;
			defaultConfigurationName = Release;
		};
/* End XCConfigurationList section */

/* Begin XCVersionGroup section */
		12D7AD3D1923B6AB00533F10 /* _Do.xcdatamodeld */ = {
			isa = XCVersionGroup;
			children = (
				12D7AD3E1923B6AB00533F10 /* _Do.xcdatamodel */,
			);
			currentVersion = 12D7AD3E1923B6AB00533F10 /* _Do.xcdatamodel */;
			path = _Do.xcdatamodeld;
			sourceTree = "<group>";
			versionGroupType = wrapper.xcdatamodel;
		};
/* End XCVersionGroup section */
	};
	rootObject = 12D7AD1E1923B6AB00533F10 /* Project object */;
}
